
Microsoft Visual Studio Solution File, Format Version 12.00
# Visual Studio Version 17
VisualStudioVersion = 17.8.34525.116
MinimumVisualStudioVersion = 10.0.40219.1
Project("{FAE04EC0-301F-11D3-BF4B-00C04F79EFBC}") = "MyFirstApp", "MyFirstApp\MyFirstApp.csproj", "{133112A1-D8B0-40DF-B496-50E52912D217}"
EndProject
Global
	GlobalSection(SolutionConfigurationPlatforms) = preSolution
		Debug|Any CPU = Debug|Any CPU
		Release|Any CPU = Release|Any CPU
	EndGlobalSection
	GlobalSection(ProjectConfigurationPlatforms) = postSolution
		{133112A1-D8B0-40DF-B496-50E52912D217}.Debug|Any CPU.ActiveCfg = Debug|Any CPU
		{133112A1-D8B0-40DF-B496-50E52912D217}.Debug|Any CPU.Build.0 = Debug|Any CPU
		{133112A1-D8B0-40DF-B496-50E52912D217}.Release|Any CPU.ActiveCfg = Release|Any CPU
		{133112A1-D8B0-40DF-B496-50E52912D217}.Release|Any CPU.Build.0 = Release|Any CPU
	EndGlobalSection
	GlobalSection(SolutionProperties) = preSolution
		HideSolutionNode = FALSE
	EndGlobalSection
	GlobalSection(ExtensibilityGlobals) = postSolution
		SolutionGuid = {5F424706-17FE-4CA5-B7CC-177C3D490434}
	EndGlobalSection
EndGlobal
